
Microsoft Visual Studio Solution File, Format Version 12.00
Project("{FAE04EC0-301F-11D3-BF4B-00C04F79EFBC}") = "Deb_test", "Deb_test\Deb_test.csproj", "{A6D8815F-A944-48A5-9A5C-51AF948BAF73}"
EndProject
Global
	GlobalSection(SolutionConfigurationPlatforms) = preSolution
		Debug|Any CPU = Debug|Any CPU
		Release|Any CPU = Release|Any CPU
	EndGlobalSection
	GlobalSection(ProjectConfigurationPlatforms) = postSolution
		{A6D8815F-A944-48A5-9A5C-51AF948BAF73}.Debug|Any CPU.ActiveCfg = Debug|Any CPU
		{A6D8815F-A944-48A5-9A5C-51AF948BAF73}.Debug|Any CPU.Build.0 = Debug|Any CPU
		{A6D8815F-A944-48A5-9A5C-51AF948BAF73}.Release|Any CPU.ActiveCfg = Release|Any CPU
		{A6D8815F-A944-48A5-9A5C-51AF948BAF73}.Release|Any CPU.Build.0 = Release|Any CPU
	EndGlobalSection
EndGlobal
